
Microsoft Visual Studio Solution File, Format Version 12.00
# Visual Studio Version 16
VisualStudioVersion = 16.0.30717.126
MinimumVisualStudioVersion = 10.0.40219.1
Project("{FAE04EC0-301F-11D3-BF4B-00C04F79EFBC}") = "WPF_FinalTask", "WPF_FinalTask.csproj", "{A9DCA357-387F-42FA-A1D0-47493A6C4DDD}"
EndProject
Global
	GlobalSection(SolutionConfigurationPlatforms) = preSolution
		Debug|Any CPU = Debug|Any CPU
		Release|Any CPU = Release|Any CPU
	EndGlobalSection
	GlobalSection(ProjectConfigurationPlatforms) = postSolution
		{A9DCA357-387F-42FA-A1D0-47493A6C4DDD}.Debug|Any CPU.ActiveCfg = Debug|Any CPU
		{A9DCA357-387F-42FA-A1D0-47493A6C4DDD}.Debug|Any CPU.Build.0 = Debug|Any CPU
		{A9DCA357-387F-42FA-A1D0-47493A6C4DDD}.Release|Any CPU.ActiveCfg = Release|Any CPU
		{A9DCA357-387F-42FA-A1D0-47493A6C4DDD}.Release|Any CPU.Build.0 = Release|Any CPU
	EndGlobalSection
	GlobalSection(SolutionProperties) = preSolution
		HideSolutionNode = FALSE
	EndGlobalSection
	GlobalSection(ExtensibilityGlobals) = postSolution
		SolutionGuid = {5BD76BAA-CDE5-4E09-877A-25F063250E2A}
	EndGlobalSection
EndGlobal
